// !$*UTF8*$!
{
	archiveVersion = 1;
	classes = {
	};
	objectVersion = 55;
	objects = {

/* Begin PBXBuildFile section */
		7E61184928EDFE5A0091EAED /* FactsView.swift in Sources */ = {isa = PBXBuildFile; fileRef = 7E61184828EDFE5A0091EAED /* FactsView.swift */; };
		7E61184A28EDFE5A0091EAED /* FactsView.swift in Sources */ = {isa = PBXBuildFile; fileRef = 7E61184828EDFE5A0091EAED /* FactsView.swift */; };
		7E61184C28EE00A30091EAED /* FactModel.swift in Sources */ = {isa = PBXBuildFile; fileRef = 7E61184B28EE00A30091EAED /* FactModel.swift */; };
		7E61184D28EE00A30091EAED /* FactModel.swift in Sources */ = {isa = PBXBuildFile; fileRef = 7E61184B28EE00A30091EAED /* FactModel.swift */; };
		7E61184F28EE01090091EAED /* FactData.swift in Sources */ = {isa = PBXBuildFile; fileRef = 7E61184E28EE01090091EAED /* FactData.swift */; };
		7E61185028EE01090091EAED /* FactData.swift in Sources */ = {isa = PBXBuildFile; fileRef = 7E61184E28EE01090091EAED /* FactData.swift */; };
		7E61185228EE029B0091EAED /* RecipeModel.swift in Sources */ = {isa = PBXBuildFile; fileRef = 7E61185128EE029B0091EAED /* RecipeModel.swift */; };
		7E61185328EE029B0091EAED /* RecipeModel.swift in Sources */ = {isa = PBXBuildFile; fileRef = 7E61185128EE029B0091EAED /* RecipeModel.swift */; };
		7E61185528EE03100091EAED /* RecipeData.swift in Sources */ = {isa = PBXBuildFile; fileRef = 7E61185428EE03100091EAED /* RecipeData.swift */; };
		7E61185628EE03100091EAED /* RecipeData.swift in Sources */ = {isa = PBXBuildFile; fileRef = 7E61185428EE03100091EAED /* RecipeData.swift */; };
		7E61185828EE03550091EAED /* RecipeCardView.swift in Sources */ = {isa = PBXBuildFile; fileRef = 7E61185728EE03550091EAED /* RecipeCardView.swift */; };
		7E61185928EE03550091EAED /* RecipeCardView.swift in Sources */ = {isa = PBXBuildFile; fileRef = 7E61185728EE03550091EAED /* RecipeCardView.swift */; };
		7E61185B28EE070C0091EAED /* RecipeRatingView.swift in Sources */ = {isa = PBXBuildFile; fileRef = 7E61185A28EE070C0091EAED /* RecipeRatingView.swift */; };
		7E61185C28EE070C0091EAED /* RecipeRatingView.swift in Sources */ = {isa = PBXBuildFile; fileRef = 7E61185A28EE070C0091EAED /* RecipeRatingView.swift */; };
		7E61185E28EE076C0091EAED /* RecipeCookingView.swift in Sources */ = {isa = PBXBuildFile; fileRef = 7E61185D28EE076C0091EAED /* RecipeCookingView.swift */; };
		7E61185F28EE076C0091EAED /* RecipeCookingView.swift in Sources */ = {isa = PBXBuildFile; fileRef = 7E61185D28EE076C0091EAED /* RecipeCookingView.swift */; };
		7E61186128EE07ED0091EAED /* RecipeDetailView.swift in Sources */ = {isa = PBXBuildFile; fileRef = 7E61186028EE07ED0091EAED /* RecipeDetailView.swift */; };
		7E61186228EE07ED0091EAED /* RecipeDetailView.swift in Sources */ = {isa = PBXBuildFile; fileRef = 7E61186028EE07ED0091EAED /* RecipeDetailView.swift */; };
		7E61186428EE09A90091EAED /* RipeningView.swift in Sources */ = {isa = PBXBuildFile; fileRef = 7E61186328EE09A90091EAED /* RipeningView.swift */; };
		7E61186528EE09A90091EAED /* RipeningView.swift in Sources */ = {isa = PBXBuildFile; fileRef = 7E61186328EE09A90091EAED /* RipeningView.swift */; };
		7E61186728EE0A1B0091EAED /* RipeningModel.swift in Sources */ = {isa = PBXBuildFile; fileRef = 7E61186628EE0A1B0091EAED /* RipeningModel.swift */; };
		7E61186828EE0A1B0091EAED /* RipeningModel.swift in Sources */ = {isa = PBXBuildFile; fileRef = 7E61186628EE0A1B0091EAED /* RipeningModel.swift */; };
		7E61186A28EE0A640091EAED /* RipeningData.swift in Sources */ = {isa = PBXBuildFile; fileRef = 7E61186928EE0A640091EAED /* RipeningData.swift */; };
		7E61186B28EE0A640091EAED /* RipeningData.swift in Sources */ = {isa = PBXBuildFile; fileRef = 7E61186928EE0A640091EAED /* RipeningData.swift */; };
		7EACC98128EDC36500B70A55 /* AvocadosApp.swift in Sources */ = {isa = PBXBuildFile; fileRef = 7EACC97128EDC36500B70A55 /* AvocadosApp.swift */; };
		7EACC98228EDC36500B70A55 /* AvocadosApp.swift in Sources */ = {isa = PBXBuildFile; fileRef = 7EACC97128EDC36500B70A55 /* AvocadosApp.swift */; };
		7EACC98328EDC36500B70A55 /* ContentView.swift in Sources */ = {isa = PBXBuildFile; fileRef = 7EACC97228EDC36500B70A55 /* ContentView.swift */; };
		7EACC98428EDC36500B70A55 /* ContentView.swift in Sources */ = {isa = PBXBuildFile; fileRef = 7EACC97228EDC36500B70A55 /* ContentView.swift */; };
		7EACC98528EDC36500B70A55 /* Assets.xcassets in Resources */ = {isa = PBXBuildFile; fileRef = 7EACC97328EDC36500B70A55 /* Assets.xcassets */; };
		7EACC98628EDC36500B70A55 /* Assets.xcassets in Resources */ = {isa = PBXBuildFile; fileRef = 7EACC97328EDC36500B70A55 /* Assets.xcassets */; };
		7EACC99128EDD56600B70A55 /* AvocadosView.swift in Sources */ = {isa = PBXBuildFile; fileRef = 7EACC99028EDD56600B70A55 /* AvocadosView.swift */; };
		7EACC99228EDD56600B70A55 /* AvocadosView.swift in Sources */ = {isa = PBXBuildFile; fileRef = 7EACC99028EDD56600B70A55 /* AvocadosView.swift */; };
		7EACC99428EDD57900B70A55 /* RipeningStagesView.swift in Sources */ = {isa = PBXBuildFile; fileRef = 7EACC99328EDD57900B70A55 /* RipeningStagesView.swift */; };
		7EACC99528EDD57900B70A55 /* RipeningStagesView.swift in Sources */ = {isa = PBXBuildFile; fileRef = 7EACC99328EDD57900B70A55 /* RipeningStagesView.swift */; };
		7EACC99728EDD58300B70A55 /* SettingsView.swift in Sources */ = {isa = PBXBuildFile; fileRef = 7EACC99628EDD58300B70A55 /* SettingsView.swift */; };
		7EACC99828EDD58300B70A55 /* SettingsView.swift in Sources */ = {isa = PBXBuildFile; fileRef = 7EACC99628EDD58300B70A55 /* SettingsView.swift */; };
		7EACC99A28EDD59D00B70A55 /* AppView.swift in Sources */ = {isa = PBXBuildFile; fileRef = 7EACC99928EDD59D00B70A55 /* AppView.swift */; };
		7EACC99B28EDD59D00B70A55 /* AppView.swift in Sources */ = {isa = PBXBuildFile; fileRef = 7EACC99928EDD59D00B70A55 /* AppView.swift */; };
		7EACC99D28EDDB1300B70A55 /* HeaderView.swift in Sources */ = {isa = PBXBuildFile; fileRef = 7EACC99C28EDDB1300B70A55 /* HeaderView.swift */; };
		7EACC99E28EDDB1300B70A55 /* HeaderView.swift in Sources */ = {isa = PBXBuildFile; fileRef = 7EACC99C28EDDB1300B70A55 /* HeaderView.swift */; };
		7EACC9A128EDDED500B70A55 /* HeaderModel.swift in Sources */ = {isa = PBXBuildFile; fileRef = 7EACC9A028EDDED500B70A55 /* HeaderModel.swift */; };
		7EACC9A228EDDED500B70A55 /* HeaderModel.swift in Sources */ = {isa = PBXBuildFile; fileRef = 7EACC9A028EDDED500B70A55 /* HeaderModel.swift */; };
		7EACC9A528EDDF2600B70A55 /* HeaderData.swift in Sources */ = {isa = PBXBuildFile; fileRef = 7EACC9A428EDDF2600B70A55 /* HeaderData.swift */; };
		7EACC9A628EDDF2600B70A55 /* HeaderData.swift in Sources */ = {isa = PBXBuildFile; fileRef = 7EACC9A428EDDF2600B70A55 /* HeaderData.swift */; };
		7EACC9AC28EDE17B00B70A55 /* DishesView.swift in Sources */ = {isa = PBXBuildFile; fileRef = 7EACC9AB28EDE17B00B70A55 /* DishesView.swift */; };
		7EACC9AD28EDE17B00B70A55 /* DishesView.swift in Sources */ = {isa = PBXBuildFile; fileRef = 7EACC9AB28EDE17B00B70A55 /* DishesView.swift */; };
/* End PBXBuildFile section */

/* Begin PBXFileReference section */
		7E61184828EDFE5A0091EAED /* FactsView.swift */ = {isa = PBXFileReference; lastKnownFileType = sourcecode.swift; path = FactsView.swift; sourceTree = "<group>"; };
		7E61184B28EE00A30091EAED /* FactModel.swift */ = {isa = PBXFileReference; lastKnownFileType = sourcecode.swift; path = FactModel.swift; sourceTree = "<group>"; };
		7E61184E28EE01090091EAED /* FactData.swift */ = {isa = PBXFileReference; lastKnownFileType = sourcecode.swift; path = FactData.swift; sourceTree = "<group>"; };
		7E61185128EE029B0091EAED /* RecipeModel.swift */ = {isa = PBXFileReference; lastKnownFileType = sourcecode.swift; path = RecipeModel.swift; sourceTree = "<group>"; };
		7E61185428EE03100091EAED /* RecipeData.swift */ = {isa = PBXFileReference; lastKnownFileType = sourcecode.swift; path = RecipeData.swift; sourceTree = "<group>"; };
		7E61185728EE03550091EAED /* RecipeCardView.swift */ = {isa = PBXFileReference; lastKnownFileType = sourcecode.swift; path = RecipeCardView.swift; sourceTree = "<group>"; };
		7E61185A28EE070C0091EAED /* RecipeRatingView.swift */ = {isa = PBXFileReference; lastKnownFileType = sourcecode.swift; path = RecipeRatingView.swift; sourceTree = "<group>"; };
		7E61185D28EE076C0091EAED /* RecipeCookingView.swift */ = {isa = PBXFileReference; lastKnownFileType = sourcecode.swift; path = RecipeCookingView.swift; sourceTree = "<group>"; };
		7E61186028EE07ED0091EAED /* RecipeDetailView.swift */ = {isa = PBXFileReference; lastKnownFileType = sourcecode.swift; path = RecipeDetailView.swift; sourceTree = "<group>"; };
		7E61186328EE09A90091EAED /* RipeningView.swift */ = {isa = PBXFileReference; lastKnownFileType = sourcecode.swift; path = RipeningView.swift; sourceTree = "<group>"; };
		7E61186628EE0A1B0091EAED /* RipeningModel.swift */ = {isa = PBXFileReference; lastKnownFileType = sourcecode.swift; path = RipeningModel.swift; sourceTree = "<group>"; };
		7E61186928EE0A640091EAED /* RipeningData.swift */ = {isa = PBXFileReference; lastKnownFileType = sourcecode.swift; path = RipeningData.swift; sourceTree = "<group>"; };
		7EACC97128EDC36500B70A55 /* AvocadosApp.swift */ = {isa = PBXFileReference; lastKnownFileType = sourcecode.swift; path = AvocadosApp.swift; sourceTree = "<group>"; };
		7EACC97228EDC36500B70A55 /* ContentView.swift */ = {isa = PBXFileReference; lastKnownFileType = sourcecode.swift; path = ContentView.swift; sourceTree = "<group>"; };
		7EACC97328EDC36500B70A55 /* Assets.xcassets */ = {isa = PBXFileReference; lastKnownFileType = folder.assetcatalog; path = Assets.xcassets; sourceTree = "<group>"; };
		7EACC97828EDC36500B70A55 /* Avocados.app */ = {isa = PBXFileReference; explicitFileType = wrapper.application; includeInIndex = 0; path = Avocados.app; sourceTree = BUILT_PRODUCTS_DIR; };
		7EACC97E28EDC36500B70A55 /* Avocados.app */ = {isa = PBXFileReference; explicitFileType = wrapper.application; includeInIndex = 0; path = Avocados.app; sourceTree = BUILT_PRODUCTS_DIR; };
		7EACC98028EDC36500B70A55 /* macOS.entitlements */ = {isa = PBXFileReference; lastKnownFileType = text.plist.entitlements; path = macOS.entitlements; sourceTree = "<group>"; };
		7EACC99028EDD56600B70A55 /* AvocadosView.swift */ = {isa = PBXFileReference; lastKnownFileType = sourcecode.swift; path = AvocadosView.swift; sourceTree = "<group>"; };
		7EACC99328EDD57900B70A55 /* RipeningStagesView.swift */ = {isa = PBXFileReference; lastKnownFileType = sourcecode.swift; path = RipeningStagesView.swift; sourceTree = "<group>"; };
		7EACC99628EDD58300B70A55 /* SettingsView.swift */ = {isa = PBXFileReference; lastKnownFileType = sourcecode.swift; path = SettingsView.swift; sourceTree = "<group>"; };
		7EACC99928EDD59D00B70A55 /* AppView.swift */ = {isa = PBXFileReference; lastKnownFileType = sourcecode.swift; path = AppView.swift; sourceTree = "<group>"; };
		7EACC99C28EDDB1300B70A55 /* HeaderView.swift */ = {isa = PBXFileReference; lastKnownFileType = sourcecode.swift; path = HeaderView.swift; sourceTree = "<group>"; };
		7EACC9A028EDDED500B70A55 /* HeaderModel.swift */ = {isa = PBXFileReference; lastKnownFileType = sourcecode.swift; path = HeaderModel.swift; sourceTree = "<group>"; };
		7EACC9A428EDDF2600B70A55 /* HeaderData.swift */ = {isa = PBXFileReference; lastKnownFileType = sourcecode.swift; path = HeaderData.swift; sourceTree = "<group>"; };
		7EACC9AB28EDE17B00B70A55 /* DishesView.swift */ = {isa = PBXFileReference; lastKnownFileType = sourcecode.swift; path = DishesView.swift; sourceTree = "<group>"; };
/* End PBXFileReference section */

/* Begin PBXFrameworksBuildPhase section */
		7EACC97528EDC36500B70A55 /* Frameworks */ = {
			isa = PBXFrameworksBuildPhase;
			buildActionMask = 2147483647;
			files = (
			);
			runOnlyForDeploymentPostprocessing = 0;
		};
		7EACC97B28EDC36500B70A55 /* Frameworks */ = {
			isa = PBXFrameworksBuildPhase;
			buildActionMask = 2147483647;
			files = (
			);
			runOnlyForDeploymentPostprocessing = 0;
		};
/* End PBXFrameworksBuildPhase section */

/* Begin PBXGroup section */
		7EACC96B28EDC36400B70A55 = {
			isa = PBXGroup;
			children = (
				7EACC97028EDC36500B70A55 /* Shared */,
				7EACC97F28EDC36500B70A55 /* macOS */,
				7EACC97928EDC36500B70A55 /* Products */,
			);
			sourceTree = "<group>";
		};
		7EACC97028EDC36500B70A55 /* Shared */ = {
			isa = PBXGroup;
			children = (
				7EACC97128EDC36500B70A55 /* AvocadosApp.swift */,
				7EACC98F28EDD55800B70A55 /* View */,
				7EACC99F28EDDEC900B70A55 /* Model */,
				7EACC9A328EDDF1700B70A55 /* Data */,
				7EACC97328EDC36500B70A55 /* Assets.xcassets */,
			);
			path = Shared;
			sourceTree = "<group>";
		};
		7EACC97928EDC36500B70A55 /* Products */ = {
			isa = PBXGroup;
			children = (
				7EACC97828EDC36500B70A55 /* Avocados.app */,
				7EACC97E28EDC36500B70A55 /* Avocados.app */,
			);
			name = Products;
			sourceTree = "<group>";
		};
		7EACC97F28EDC36500B70A55 /* macOS */ = {
			isa = PBXGroup;
			children = (
				7EACC98028EDC36500B70A55 /* macOS.entitlements */,
			);
			path = macOS;
			sourceTree = "<group>";
		};
		7EACC98F28EDD55800B70A55 /* View */ = {
			isa = PBXGroup;
			children = (
				7EACC99928EDD59D00B70A55 /* AppView.swift */,
				7EACC9A728EDE11E00B70A55 /* Avocado */,
				7EACC9AA28EDE15B00B70A55 /* Recipes */,
				7EACC9A928EDE14A00B70A55 /* Ripening */,
				7EACC9A828EDE13200B70A55 /* Settings */,
			);
			path = View;
			sourceTree = "<group>";
		};
		7EACC99F28EDDEC900B70A55 /* Model */ = {
			isa = PBXGroup;
			children = (
				7EACC9A028EDDED500B70A55 /* HeaderModel.swift */,
				7E61184B28EE00A30091EAED /* FactModel.swift */,
				7E61185128EE029B0091EAED /* RecipeModel.swift */,
				7E61186628EE0A1B0091EAED /* RipeningModel.swift */,
			);
			path = Model;
			sourceTree = "<group>";
		};
		7EACC9A328EDDF1700B70A55 /* Data */ = {
			isa = PBXGroup;
			children = (
				7EACC9A428EDDF2600B70A55 /* HeaderData.swift */,
				7E61184E28EE01090091EAED /* FactData.swift */,
				7E61185428EE03100091EAED /* RecipeData.swift */,
				7E61186928EE0A640091EAED /* RipeningData.swift */,
			);
			path = Data;
			sourceTree = "<group>";
		};
		7EACC9A728EDE11E00B70A55 /* Avocado */ = {
			isa = PBXGroup;
			children = (
				7EACC99028EDD56600B70A55 /* AvocadosView.swift */,
			);
			path = Avocado;
			sourceTree = "<group>";
		};
		7EACC9A828EDE13200B70A55 /* Settings */ = {
			isa = PBXGroup;
			children = (
				7EACC99628EDD58300B70A55 /* SettingsView.swift */,
			);
			path = Settings;
			sourceTree = "<group>";
		};
		7EACC9A928EDE14A00B70A55 /* Ripening */ = {
			isa = PBXGroup;
			children = (
				7EACC99328EDD57900B70A55 /* RipeningStagesView.swift */,
				7E61186328EE09A90091EAED /* RipeningView.swift */,
			);
			path = Ripening;
			sourceTree = "<group>";
		};
		7EACC9AA28EDE15B00B70A55 /* Recipes */ = {
			isa = PBXGroup;
			children = (
				7E61185A28EE070C0091EAED /* RecipeRatingView.swift */,
				7EACC97228EDC36500B70A55 /* ContentView.swift */,
				7E61184828EDFE5A0091EAED /* FactsView.swift */,
				7EACC99C28EDDB1300B70A55 /* HeaderView.swift */,
				7EACC9AB28EDE17B00B70A55 /* DishesView.swift */,
				7E61185728EE03550091EAED /* RecipeCardView.swift */,
				7E61185D28EE076C0091EAED /* RecipeCookingView.swift */,
				7E61186028EE07ED0091EAED /* RecipeDetailView.swift */,
			);
			path = Recipes;
			sourceTree = "<group>";
		};
/* End PBXGroup section */

/* Begin PBXNativeTarget section */
		7EACC97728EDC36500B70A55 /* Avocados (iOS) */ = {
			isa = PBXNativeTarget;
			buildConfigurationList = 7EACC98928EDC36500B70A55 /* Build configuration list for PBXNativeTarget "Avocados (iOS)" */;
			buildPhases = (
				7EACC97428EDC36500B70A55 /* Sources */,
				7EACC97528EDC36500B70A55 /* Frameworks */,
				7EACC97628EDC36500B70A55 /* Resources */,
			);
			buildRules = (
			);
			dependencies = (
			);
			name = "Avocados (iOS)";
			productName = "Avocados (iOS)";
			productReference = 7EACC97828EDC36500B70A55 /* Avocados.app */;
			productType = "com.apple.product-type.application";
		};
		7EACC97D28EDC36500B70A55 /* Avocados (macOS) */ = {
			isa = PBXNativeTarget;
			buildConfigurationList = 7EACC98C28EDC36500B70A55 /* Build configuration list for PBXNativeTarget "Avocados (macOS)" */;
			buildPhases = (
				7EACC97A28EDC36500B70A55 /* Sources */,
				7EACC97B28EDC36500B70A55 /* Frameworks */,
				7EACC97C28EDC36500B70A55 /* Resources */,
			);
			buildRules = (
			);
			dependencies = (
			);
			name = "Avocados (macOS)";
			productName = "Avocados (macOS)";
			productReference = 7EACC97E28EDC36500B70A55 /* Avocados.app */;
			productType = "com.apple.product-type.application";
		};
/* End PBXNativeTarget section */

/* Begin PBXProject section */
		7EACC96C28EDC36400B70A55 /* Project object */ = {
			isa = PBXProject;
			attributes = {
				BuildIndependentTargetsInParallel = 1;
				LastSwiftUpdateCheck = 1340;
				LastUpgradeCheck = 1340;
				TargetAttributes = {
					7EACC97728EDC36500B70A55 = {
						CreatedOnToolsVersion = 13.4.1;
					};
					7EACC97D28EDC36500B70A55 = {
						CreatedOnToolsVersion = 13.4.1;
					};
				};
			};
			buildConfigurationList = 7EACC96F28EDC36400B70A55 /* Build configuration list for PBXProject "Avocados" */;
			compatibilityVersion = "Xcode 13.0";
			developmentRegion = en;
			hasScannedForEncodings = 0;
			knownRegions = (
				en,
				Base,
			);
			mainGroup = 7EACC96B28EDC36400B70A55;
			productRefGroup = 7EACC97928EDC36500B70A55 /* Products */;
			projectDirPath = "";
			projectRoot = "";
			targets = (
				7EACC97728EDC36500B70A55 /* Avocados (iOS) */,
				7EACC97D28EDC36500B70A55 /* Avocados (macOS) */,
			);
		};
/* End PBXProject section */

/* Begin PBXResourcesBuildPhase section */
		7EACC97628EDC36500B70A55 /* Resources */ = {
			isa = PBXResourcesBuildPhase;
			buildActionMask = 2147483647;
			files = (
				7EACC98528EDC36500B70A55 /* Assets.xcassets in Resources */,
			);
			runOnlyForDeploymentPostprocessing = 0;
		};
		7EACC97C28EDC36500B70A55 /* Resources */ = {
			isa = PBXResourcesBuildPhase;
			buildActionMask = 2147483647;
			files = (
				7EACC98628EDC36500B70A55 /* Assets.xcassets in Resources */,
			);
			runOnlyForDeploymentPostprocessing = 0;
		};
/* End PBXResourcesBuildPhase section */

/* Begin PBXSourcesBuildPhase section */
		7EACC97428EDC36500B70A55 /* Sources */ = {
			isa = PBXSourcesBuildPhase;
			buildActionMask = 2147483647;
			files = (
				7EACC99728EDD58300B70A55 /* SettingsView.swift in Sources */,
				7E61185B28EE070C0091EAED /* RecipeRatingView.swift in Sources */,
				7E61186728EE0A1B0091EAED /* RipeningModel.swift in Sources */,
				7EACC98328EDC36500B70A55 /* ContentView.swift in Sources */,
				7EACC99A28EDD59D00B70A55 /* AppView.swift in Sources */,
				7E61186A28EE0A640091EAED /* RipeningData.swift in Sources */,
				7EACC99428EDD57900B70A55 /* RipeningStagesView.swift in Sources */,
				7EACC98128EDC36500B70A55 /* AvocadosApp.swift in Sources */,
				7EACC99128EDD56600B70A55 /* AvocadosView.swift in Sources */,
				7EACC9A128EDDED500B70A55 /* HeaderModel.swift in Sources */,
				7E61185228EE029B0091EAED /* RecipeModel.swift in Sources */,
				7EACC9A528EDDF2600B70A55 /* HeaderData.swift in Sources */,
				7EACC9AC28EDE17B00B70A55 /* DishesView.swift in Sources */,
				7E61185E28EE076C0091EAED /* RecipeCookingView.swift in Sources */,
				7E61186428EE09A90091EAED /* RipeningView.swift in Sources */,
				7E61184C28EE00A30091EAED /* FactModel.swift in Sources */,
				7E61184928EDFE5A0091EAED /* FactsView.swift in Sources */,
				7E61185828EE03550091EAED /* RecipeCardView.swift in Sources */,
				7E61185528EE03100091EAED /* RecipeData.swift in Sources */,
				7EACC99D28EDDB1300B70A55 /* HeaderView.swift in Sources */,
				7E61186128EE07ED0091EAED /* RecipeDetailView.swift in Sources */,
				7E61184F28EE01090091EAED /* FactData.swift in Sources */,
			);
			runOnlyForDeploymentPostprocessing = 0;
		};
		7EACC97A28EDC36500B70A55 /* Sources */ = {
			isa = PBXSourcesBuildPhase;
			buildActionMask = 2147483647;
			files = (
				7EACC99828EDD58300B70A55 /* SettingsView.swift in Sources */,
				7E61185C28EE070C0091EAED /* RecipeRatingView.swift in Sources */,
				7E61186828EE0A1B0091EAED /* RipeningModel.swift in Sources */,
				7EACC98428EDC36500B70A55 /* ContentView.swift in Sources */,
				7EACC99B28EDD59D00B70A55 /* AppView.swift in Sources */,
				7E61186B28EE0A640091EAED /* RipeningData.swift in Sources */,
				7EACC99528EDD57900B70A55 /* RipeningStagesView.swift in Sources */,
				7EACC98228EDC36500B70A55 /* AvocadosApp.swift in Sources */,
				7EACC99228EDD56600B70A55 /* AvocadosView.swift in Sources */,
				7EACC9A228EDDED500B70A55 /* HeaderModel.swift in Sources */,
				7E61185328EE029B0091EAED /* RecipeModel.swift in Sources */,
				7EACC9A628EDDF2600B70A55 /* HeaderData.swift in Sources */,
				7EACC9AD28EDE17B00B70A55 /* DishesView.swift in Sources */,
				7E61185F28EE076C0091EAED /* RecipeCookingView.swift in Sources */,
				7E61186528EE09A90091EAED /* RipeningView.swift in Sources */,
				7E61184D28EE00A30091EAED /* FactModel.swift in Sources */,
				7E61184A28EDFE5A0091EAED /* FactsView.swift in Sources */,
				7E61185928EE03550091EAED /* RecipeCardView.swift in Sources */,
				7E61185628EE03100091EAED /* RecipeData.swift in Sources */,
				7EACC99E28EDDB1300B70A55 /* HeaderView.swift in Sources */,
				7E61186228EE07ED0091EAED /* RecipeDetailView.swift in Sources */,
				7E61185028EE01090091EAED /* FactData.swift in Sources */,
			);
			runOnlyForDeploymentPostprocessing = 0;
		};
/* End PBXSourcesBuildPhase section */

/* Begin XCBuildConfiguration section */
		7EACC98728EDC36500B70A55 /* Debug */ = {
			isa = XCBuildConfiguration;
			buildSettings = {
				ALWAYS_SEARCH_USER_PATHS = NO;
				CLANG_ANALYZER_NONNULL = YES;
				CLANG_ANALYZER_NUMBER_OBJECT_CONVERSION = YES_AGGRESSIVE;
				CLANG_CXX_LANGUAGE_STANDARD = "gnu++17";
				CLANG_ENABLE_MODULES = YES;
				CLANG_ENABLE_OBJC_ARC = YES;
				CLANG_ENABLE_OBJC_WEAK = YES;
				CLANG_WARN_BLOCK_CAPTURE_AUTORELEASING = YES;
				CLANG_WARN_BOOL_CONVERSION = YES;
				CLANG_WARN_COMMA = YES;
				CLANG_WARN_CONSTANT_CONVERSION = YES;
				CLANG_WARN_DEPRECATED_OBJC_IMPLEMENTATIONS = YES;
				CLANG_WARN_DIRECT_OBJC_ISA_USAGE = YES_ERROR;
				CLANG_WARN_DOCUMENTATION_COMMENTS = YES;
				CLANG_WARN_EMPTY_BODY = YES;
				CLANG_WARN_ENUM_CONVERSION = YES;
				CLANG_WARN_INFINITE_RECURSION = YES;
				CLANG_WARN_INT_CONVERSION = YES;
				CLANG_WARN_NON_LITERAL_NULL_CONVERSION = YES;
				CLANG_WARN_OBJC_IMPLICIT_RETAIN_SELF = YES;
				CLANG_WARN_OBJC_LITERAL_CONVERSION = YES;
				CLANG_WARN_OBJC_ROOT_CLASS = YES_ERROR;
				CLANG_WARN_QUOTED_INCLUDE_IN_FRAMEWORK_HEADER = YES;
				CLANG_WARN_RANGE_LOOP_ANALYSIS = YES;
				CLANG_WARN_STRICT_PROTOTYPES = YES;
				CLANG_WARN_SUSPICIOUS_MOVE = YES;
				CLANG_WARN_UNGUARDED_AVAILABILITY = YES_AGGRESSIVE;
				CLANG_WARN_UNREACHABLE_CODE = YES;
				CLANG_WARN__DUPLICATE_METHOD_MATCH = YES;
				COPY_PHASE_STRIP = NO;
				DEBUG_INFORMATION_FORMAT = dwarf;
				ENABLE_STRICT_OBJC_MSGSEND = YES;
				ENABLE_TESTABILITY = YES;
				GCC_C_LANGUAGE_STANDARD = gnu11;
				GCC_DYNAMIC_NO_PIC = NO;
				GCC_NO_COMMON_BLOCKS = YES;
				GCC_OPTIMIZATION_LEVEL = 0;
				GCC_PREPROCESSOR_DEFINITIONS = (
					"DEBUG=1",
					"$(inherited)",
				);
				GCC_WARN_64_TO_32_BIT_CONVERSION = YES;
				GCC_WARN_ABOUT_RETURN_TYPE = YES_ERROR;
				GCC_WARN_UNDECLARED_SELECTOR = YES;
				GCC_WARN_UNINITIALIZED_AUTOS = YES_AGGRESSIVE;
				GCC_WARN_UNUSED_FUNCTION = YES;
				GCC_WARN_UNUSED_VARIABLE = YES;
				MTL_ENABLE_DEBUG_INFO = INCLUDE_SOURCE;
				MTL_FAST_MATH = YES;
				ONLY_ACTIVE_ARCH = YES;
				SWIFT_ACTIVE_COMPILATION_CONDITIONS = DEBUG;
				SWIFT_OPTIMIZATION_LEVEL = "-Onone";
			};
			name = Debug;
		};
		7EACC98828EDC36500B70A55 /* Release */ = {
			isa = XCBuildConfiguration;
			buildSettings = {
				ALWAYS_SEARCH_USER_PATHS = NO;
				CLANG_ANALYZER_NONNULL = YES;
				CLANG_ANALYZER_NUMBER_OBJECT_CONVERSION = YES_AGGRESSIVE;
				CLANG_CXX_LANGUAGE_STANDARD = "gnu++17";
				CLANG_ENABLE_MODULES = YES;
				CLANG_ENABLE_OBJC_ARC = YES;
				CLANG_ENABLE_OBJC_WEAK = YES;
				CLANG_WARN_BLOCK_CAPTURE_AUTORELEASING = YES;
				CLANG_WARN_BOOL_CONVERSION = YES;
				CLANG_WARN_COMMA = YES;
				CLANG_WARN_CONSTANT_CONVERSION = YES;
				CLANG_WARN_DEPRECATED_OBJC_IMPLEMENTATIONS = YES;
				CLANG_WARN_DIRECT_OBJC_ISA_USAGE = YES_ERROR;
				CLANG_WARN_DOCUMENTATION_COMMENTS = YES;
				CLANG_WARN_EMPTY_BODY = YES;
				CLANG_WARN_ENUM_CONVERSION = YES;
				CLANG_WARN_INFINITE_RECURSION = YES;
				CLANG_WARN_INT_CONVERSION = YES;
				CLANG_WARN_NON_LITERAL_NULL_CONVERSION = YES;
				CLANG_WARN_OBJC_IMPLICIT_RETAIN_SELF = YES;
				CLANG_WARN_OBJC_LITERAL_CONVERSION = YES;
				CLANG_WARN_OBJC_ROOT_CLASS = YES_ERROR;
				CLANG_WARN_QUOTED_INCLUDE_IN_FRAMEWORK_HEADER = YES;
				CLANG_WARN_RANGE_LOOP_ANALYSIS = YES;
				CLANG_WARN_STRICT_PROTOTYPES = YES;
				CLANG_WARN_SUSPICIOUS_MOVE = YES;
				CLANG_WARN_UNGUARDED_AVAILABILITY = YES_AGGRESSIVE;
				CLANG_WARN_UNREACHABLE_CODE = YES;
				CLANG_WARN__DUPLICATE_METHOD_MATCH = YES;
				COPY_PHASE_STRIP = NO;
				DEBUG_INFORMATION_FORMAT = "dwarf-with-dsym";
				ENABLE_NS_ASSERTIONS = NO;
				ENABLE_STRICT_OBJC_MSGSEND = YES;
				GCC_C_LANGUAGE_STANDARD = gnu11;
				GCC_NO_COMMON_BLOCKS = YES;
				GCC_WARN_64_TO_32_BIT_CONVERSION = YES;
				GCC_WARN_ABOUT_RETURN_TYPE = YES_ERROR;
				GCC_WARN_UNDECLARED_SELECTOR = YES;
				GCC_WARN_UNINITIALIZED_AUTOS = YES_AGGRESSIVE;
				GCC_WARN_UNUSED_FUNCTION = YES;
				GCC_WARN_UNUSED_VARIABLE = YES;
				MTL_ENABLE_DEBUG_INFO = NO;
				MTL_FAST_MATH = YES;
				SWIFT_COMPILATION_MODE = wholemodule;
				SWIFT_OPTIMIZATION_LEVEL = "-O";
			};
			name = Release;
		};
		7EACC98A28EDC36500B70A55 /* Debug */ = {
			isa = XCBuildConfiguration;
			buildSettings = {
				ASSETCATALOG_COMPILER_APPICON_NAME = AppIcon;
				ASSETCATALOG_COMPILER_GLOBAL_ACCENT_COLOR_NAME = AccentColor;
				CODE_SIGN_STYLE = Automatic;
				CURRENT_PROJECT_VERSION = 1;
				ENABLE_PREVIEWS = YES;
				GENERATE_INFOPLIST_FILE = YES;
				INFOPLIST_KEY_UIApplicationSceneManifest_Generation = YES;
				INFOPLIST_KEY_UIApplicationSupportsIndirectInputEvents = YES;
				INFOPLIST_KEY_UILaunchScreen_Generation = YES;
				INFOPLIST_KEY_UISupportedInterfaceOrientations = UIInterfaceOrientationPortrait;
				INFOPLIST_KEY_UISupportedInterfaceOrientations_iPad = "UIInterfaceOrientationPortrait UIInterfaceOrientationPortraitUpsideDown UIInterfaceOrientationLandscapeLeft UIInterfaceOrientationLandscapeRight";
				INFOPLIST_KEY_UISupportedInterfaceOrientations_iPhone = "UIInterfaceOrientationPortrait UIInterfaceOrientationLandscapeLeft UIInterfaceOrientationLandscapeRight";
				IPHONEOS_DEPLOYMENT_TARGET = 15.5;
				LD_RUNPATH_SEARCH_PATHS = (
					"$(inherited)",
					"@executable_path/Frameworks",
				);
				MARKETING_VERSION = 1.0;
				PRODUCT_BUNDLE_IDENTIFIER = dev.aigonzalez.Avocados;
				PRODUCT_NAME = Avocados;
				SDKROOT = iphoneos;
				SWIFT_EMIT_LOC_STRINGS = YES;
				SWIFT_VERSION = 5.0;
				TARGETED_DEVICE_FAMILY = "1,2";
			};
			name = Debug;
		};
		7EACC98B28EDC36500B70A55 /* Release */ = {
			isa = XCBuildConfiguration;
			buildSettings = {
				ASSETCATALOG_COMPILER_APPICON_NAME = AppIcon;
				ASSETCATALOG_COMPILER_GLOBAL_ACCENT_COLOR_NAME = AccentColor;
				CODE_SIGN_STYLE = Automatic;
				CURRENT_PROJECT_VERSION = 1;
				ENABLE_PREVIEWS = YES;
				GENERATE_INFOPLIST_FILE = YES;
				INFOPLIST_KEY_UIApplicationSceneManifest_Generation = YES;
				INFOPLIST_KEY_UIApplicationSupportsIndirectInputEvents = YES;
				INFOPLIST_KEY_UILaunchScreen_Generation = YES;
				INFOPLIST_KEY_UISupportedInterfaceOrientations = UIInterfaceOrientationPortrait;
				INFOPLIST_KEY_UISupportedInterfaceOrientations_iPad = "UIInterfaceOrientationPortrait UIInterfaceOrientationPortraitUpsideDown UIInterfaceOrientationLandscapeLeft UIInterfaceOrientationLandscapeRight";
				INFOPLIST_KEY_UISupportedInterfaceOrientations_iPhone = "UIInterfaceOrientationPortrait UIInterfaceOrientationLandscapeLeft UIInterfaceOrientationLandscapeRight";
				IPHONEOS_DEPLOYMENT_TARGET = 15.5;
				LD_RUNPATH_SEARCH_PATHS = (
					"$(inherited)",
					"@executable_path/Frameworks",
				);
				MARKETING_VERSION = 1.0;
				PRODUCT_BUNDLE_IDENTIFIER = dev.aigonzalez.Avocados;
				PRODUCT_NAME = Avocados;
				SDKROOT = iphoneos;
				SWIFT_EMIT_LOC_STRINGS = YES;
				SWIFT_VERSION = 5.0;
				TARGETED_DEVICE_FAMILY = "1,2";
				VALIDATE_PRODUCT = YES;
			};
			name = Release;
		};
		7EACC98D28EDC36500B70A55 /* Debug */ = {
			isa = XCBuildConfiguration;
			buildSettings = {
				ASSETCATALOG_COMPILER_APPICON_NAME = AppIcon;
				ASSETCATALOG_COMPILER_GLOBAL_ACCENT_COLOR_NAME = AccentColor;
				CODE_SIGN_ENTITLEMENTS = macOS/macOS.entitlements;
				CODE_SIGN_STYLE = Automatic;
				COMBINE_HIDPI_IMAGES = YES;
				CURRENT_PROJECT_VERSION = 1;
				ENABLE_PREVIEWS = YES;
				GENERATE_INFOPLIST_FILE = YES;
				INFOPLIST_KEY_NSHumanReadableCopyright = "";
				LD_RUNPATH_SEARCH_PATHS = (
					"$(inherited)",
					"@executable_path/../Frameworks",
				);
				MACOSX_DEPLOYMENT_TARGET = 12.3;
				MARKETING_VERSION = 1.0;
				PRODUCT_BUNDLE_IDENTIFIER = dev.aigonzalez.Avocados;
				PRODUCT_NAME = Avocados;
				SDKROOT = macosx;
				SWIFT_EMIT_LOC_STRINGS = YES;
				SWIFT_VERSION = 5.0;
			};
			name = Debug;
		};
		7EACC98E28EDC36500B70A55 /* Release */ = {
			isa = XCBuildConfiguration;
			buildSettings = {
				ASSETCATALOG_COMPILER_APPICON_NAME = AppIcon;
				ASSETCATALOG_COMPILER_GLOBAL_ACCENT_COLOR_NAME = AccentColor;
				CODE_SIGN_ENTITLEMENTS = macOS/macOS.entitlements;
				CODE_SIGN_STYLE = Automatic;
				COMBINE_HIDPI_IMAGES = YES;
				CURRENT_PROJECT_VERSION = 1;
				ENABLE_PREVIEWS = YES;
				GENERATE_INFOPLIST_FILE = YES;
				INFOPLIST_KEY_NSHumanReadableCopyright = "";
				LD_RUNPATH_SEARCH_PATHS = (
					"$(inherited)",
					"@executable_path/../Frameworks",
				);
				MACOSX_DEPLOYMENT_TARGET = 12.3;
				MARKETING_VERSION = 1.0;
				PRODUCT_BUNDLE_IDENTIFIER = dev.aigonzalez.Avocados;
				PRODUCT_NAME = Avocados;
				SDKROOT = macosx;
				SWIFT_EMIT_LOC_STRINGS = YES;
				SWIFT_VERSION = 5.0;
			};
			name = Release;
		};
/* End XCBuildConfiguration section */

/* Begin XCConfigurationList section */
		7EACC96F28EDC36400B70A55 /* Build configuration list for PBXProject "Avocados" */ = {
			isa = XCConfigurationList;
			buildConfigurations = (
				7EACC98728EDC36500B70A55 /* Debug */,
				7EACC98828EDC36500B70A55 /* Release */,
			);
			defaultConfigurationIsVisible = 0;
			defaultConfigurationName = Release;
		};
		7EACC98928EDC36500B70A55 /* Build configuration list for PBXNativeTarget "Avocados (iOS)" */ = {
			isa = XCConfigurationList;
			buildConfigurations = (
				7EACC98A28EDC36500B70A55 /* Debug */,
				7EACC98B28EDC36500B70A55 /* Release */,
			);
			defaultConfigurationIsVisible = 0;
			defaultConfigurationName = Release;
		};
		7EACC98C28EDC36500B70A55 /* Build configuration list for PBXNativeTarget "Avocados (macOS)" */ = {
			isa = XCConfigurationList;
			buildConfigurations = (
				7EACC98D28EDC36500B70A55 /* Debug */,
				7EACC98E28EDC36500B70A55 /* Release */,
			);
			defaultConfigurationIsVisible = 0;
			defaultConfigurationName = Release;
		};
/* End XCConfigurationList section */
	};
	rootObject = 7EACC96C28EDC36400B70A55 /* Project object */;
}
